
Microsoft Visual Studio Solution File, Format Version 12.00
# Visual Studio Version 18
VisualStudioVersion = 18.0.11222.15 d18.0
MinimumVisualStudioVersion = 10.0.40219.1
Project("{FAE04EC0-301F-11D3-BF4B-00C04F79EFBC}") = "Aide", "Aide\Aide.csproj", "{DF9FF427-9D37-4DA4-87A5-AE6A5F8D64BA}"
EndProject
Project("{FAE04EC0-301F-11D3-BF4B-00C04F79EFBC}") = "Aide.Testing", "Aide.Testing\Aide.Testing.csproj", "{A27EB69C-8954-42AD-B118-1A433297E62D}"
EndProject
Project("{FAE04EC0-301F-11D3-BF4B-00C04F79EFBC}") = "Aide.ColorExtraction", "Aide.ColorExtraction\Aide.ColorExtraction.csproj", "{05AA6E2F-5B21-43A3-BC48-FBD27F20370F}"
EndProject
Project("{2150E333-8FDC-42A3-9474-1A3956D46DE8}") = "Plugins", "Plugins", "{02EA681E-C7D8-13C7-8484-4AC65E1B71E8}"
	ProjectSection(SolutionItems) = preProject
		TerminalWrapper.dll = TerminalWrapper.dll
	EndProjectSection
EndProject
Project("{2150E333-8FDC-42A3-9474-1A3956D46DE8}") = "Solution Items", "Solution Items", "{DD60439B-34A4-44F0-9600-FCA51FBFA4A1}"
	ProjectSection(SolutionItems) = preProject
		.editorconfig = .editorconfig
	EndProjectSection
EndProject
Project("{FAE04EC0-301F-11D3-BF4B-00C04F79EFBC}") = "Aide.Charts", "Aide.Charts\Aide.Charts.csproj", "{4E2B9655-5E1D-42AF-86BA-57EA5FC6FB56}"
EndProject
Global
	GlobalSection(SolutionConfigurationPlatforms) = preSolution
		Debug|Any CPU = Debug|Any CPU
		Release|Any CPU = Release|Any CPU
	EndGlobalSection
	GlobalSection(ProjectConfigurationPlatforms) = postSolution
		{DF9FF427-9D37-4DA4-87A5-AE6A5F8D64BA}.Debug|Any CPU.ActiveCfg = Debug|Any CPU
		{DF9FF427-9D37-4DA4-87A5-AE6A5F8D64BA}.Debug|Any CPU.Build.0 = Debug|Any CPU
		{DF9FF427-9D37-4DA4-87A5-AE6A5F8D64BA}.Release|Any CPU.ActiveCfg = Release|Any CPU
		{DF9FF427-9D37-4DA4-87A5-AE6A5F8D64BA}.Release|Any CPU.Build.0 = Release|Any CPU
		{A27EB69C-8954-42AD-B118-1A433297E62D}.Debug|Any CPU.ActiveCfg = Debug|Any CPU
		{A27EB69C-8954-42AD-B118-1A433297E62D}.Debug|Any CPU.Build.0 = Debug|Any CPU
		{A27EB69C-8954-42AD-B118-1A433297E62D}.Release|Any CPU.ActiveCfg = Release|Any CPU
		{A27EB69C-8954-42AD-B118-1A433297E62D}.Release|Any CPU.Build.0 = Release|Any CPU
		{05AA6E2F-5B21-43A3-BC48-FBD27F20370F}.Debug|Any CPU.ActiveCfg = Debug|Any CPU
		{05AA6E2F-5B21-43A3-BC48-FBD27F20370F}.Debug|Any CPU.Build.0 = Debug|Any CPU
		{05AA6E2F-5B21-43A3-BC48-FBD27F20370F}.Release|Any CPU.ActiveCfg = Release|Any CPU
		{05AA6E2F-5B21-43A3-BC48-FBD27F20370F}.Release|Any CPU.Build.0 = Release|Any CPU
		{4E2B9655-5E1D-42AF-86BA-57EA5FC6FB56}.Debug|Any CPU.ActiveCfg = Debug|Any CPU
		{4E2B9655-5E1D-42AF-86BA-57EA5FC6FB56}.Debug|Any CPU.Build.0 = Debug|Any CPU
		{4E2B9655-5E1D-42AF-86BA-57EA5FC6FB56}.Release|Any CPU.ActiveCfg = Release|Any CPU
		{4E2B9655-5E1D-42AF-86BA-57EA5FC6FB56}.Release|Any CPU.Build.0 = Release|Any CPU
	EndGlobalSection
	GlobalSection(SolutionProperties) = preSolution
		HideSolutionNode = FALSE
	EndGlobalSection
	GlobalSection(ExtensibilityGlobals) = postSolution
		SolutionGuid = {FAB6314C-E078-447E-A7AA-CF932DAC8BCD}
	EndGlobalSection
EndGlobal
